
Microsoft Visual Studio Solution File, Format Version 12.00
# Visual Studio 2013
VisualStudioVersion = 12.0.31101.0
MinimumVisualStudioVersion = 10.0.40219.1
Project("{FAE04EC0-301F-11D3-BF4B-00C04F79EFBC}") = "NxlogAzureForwarder", "NxlogAzureForwarder\NxlogAzureForwarder.csproj", "{C79B01A2-CCD3-481F-870F-DA064500DD42}"
EndProject
Project("{FAE04EC0-301F-11D3-BF4B-00C04F79EFBC}") = "NxlogAzureForwarder.Tests", "NxlogAzureForwarder.Tests\NxlogAzureForwarder.Tests.csproj", "{492FECD9-771D-45B9-931F-59DBD8AE4C0C}"
EndProject
Global
	GlobalSection(SolutionConfigurationPlatforms) = preSolution
		Debug|Any CPU = Debug|Any CPU
		Release|Any CPU = Release|Any CPU
	EndGlobalSection
	GlobalSection(ProjectConfigurationPlatforms) = postSolution
		{C79B01A2-CCD3-481F-870F-DA064500DD42}.Debug|Any CPU.ActiveCfg = Debug|Any CPU
		{C79B01A2-CCD3-481F-870F-DA064500DD42}.Debug|Any CPU.Build.0 = Debug|Any CPU
		{C79B01A2-CCD3-481F-870F-DA064500DD42}.Release|Any CPU.ActiveCfg = Release|Any CPU
		{C79B01A2-CCD3-481F-870F-DA064500DD42}.Release|Any CPU.Build.0 = Release|Any CPU
		{492FECD9-771D-45B9-931F-59DBD8AE4C0C}.Debug|Any CPU.ActiveCfg = Debug|Any CPU
		{492FECD9-771D-45B9-931F-59DBD8AE4C0C}.Debug|Any CPU.Build.0 = Debug|Any CPU
		{492FECD9-771D-45B9-931F-59DBD8AE4C0C}.Release|Any CPU.ActiveCfg = Release|Any CPU
		{492FECD9-771D-45B9-931F-59DBD8AE4C0C}.Release|Any CPU.Build.0 = Release|Any CPU
	EndGlobalSection
	GlobalSection(SolutionProperties) = preSolution
		HideSolutionNode = FALSE
	EndGlobalSection
EndGlobal
